
Microsoft Visual Studio Solution File, Format Version 12.00
# Visual Studio Version 17
VisualStudioVersion = 17.5.33516.290
MinimumVisualStudioVersion = 10.0.40219.1
Project("{9A19103F-16F7-4668-BE54-9A1E7A4F7556}") = "Tests", "SalesForceTests\Tests.csproj", "{D2667775-E43B-4977-94DD-E36EADF0EC8B}"
EndProject
Project("{9A19103F-16F7-4668-BE54-9A1E7A4F7556}") = "Core", "Core\Core.csproj", "{E5798812-035D-4B90-A403-470658179A51}"
EndProject
Project("{9A19103F-16F7-4668-BE54-9A1E7A4F7556}") = "BusinessObject", "BusinessObject\BusinessObject.csproj", "{314BFB08-D1C9-48BC-8A2F-7E5B34692DD5}"
EndProject
Global
	GlobalSection(SolutionConfigurationPlatforms) = preSolution
		Debug|Any CPU = Debug|Any CPU
		Prod|Any CPU = Prod|Any CPU
		Release|Any CPU = Release|Any CPU
	EndGlobalSection
	GlobalSection(ProjectConfigurationPlatforms) = postSolution
		{D2667775-E43B-4977-94DD-E36EADF0EC8B}.Debug|Any CPU.ActiveCfg = Debug|Any CPU
		{D2667775-E43B-4977-94DD-E36EADF0EC8B}.Debug|Any CPU.Build.0 = Debug|Any CPU
		{D2667775-E43B-4977-94DD-E36EADF0EC8B}.Prod|Any CPU.ActiveCfg = Prod|Any CPU
		{D2667775-E43B-4977-94DD-E36EADF0EC8B}.Prod|Any CPU.Build.0 = Prod|Any CPU
		{D2667775-E43B-4977-94DD-E36EADF0EC8B}.Release|Any CPU.ActiveCfg = Release|Any CPU
		{D2667775-E43B-4977-94DD-E36EADF0EC8B}.Release|Any CPU.Build.0 = Release|Any CPU
		{E5798812-035D-4B90-A403-470658179A51}.Debug|Any CPU.ActiveCfg = Debug|Any CPU
		{E5798812-035D-4B90-A403-470658179A51}.Debug|Any CPU.Build.0 = Debug|Any CPU
		{E5798812-035D-4B90-A403-470658179A51}.Prod|Any CPU.ActiveCfg = Prod|Any CPU
		{E5798812-035D-4B90-A403-470658179A51}.Prod|Any CPU.Build.0 = Prod|Any CPU
		{E5798812-035D-4B90-A403-470658179A51}.Release|Any CPU.ActiveCfg = Release|Any CPU
		{E5798812-035D-4B90-A403-470658179A51}.Release|Any CPU.Build.0 = Release|Any CPU
		{314BFB08-D1C9-48BC-8A2F-7E5B34692DD5}.Debug|Any CPU.ActiveCfg = Debug|Any CPU
		{314BFB08-D1C9-48BC-8A2F-7E5B34692DD5}.Debug|Any CPU.Build.0 = Debug|Any CPU
		{314BFB08-D1C9-48BC-8A2F-7E5B34692DD5}.Prod|Any CPU.ActiveCfg = Prod|Any CPU
		{314BFB08-D1C9-48BC-8A2F-7E5B34692DD5}.Prod|Any CPU.Build.0 = Prod|Any CPU
		{314BFB08-D1C9-48BC-8A2F-7E5B34692DD5}.Release|Any CPU.ActiveCfg = Release|Any CPU
		{314BFB08-D1C9-48BC-8A2F-7E5B34692DD5}.Release|Any CPU.Build.0 = Release|Any CPU
	EndGlobalSection
	GlobalSection(SolutionProperties) = preSolution
		HideSolutionNode = FALSE
	EndGlobalSection
	GlobalSection(ExtensibilityGlobals) = postSolution
		SolutionGuid = {A4F709F1-6E1A-47CC-B500-18B2A9CA9248}
	EndGlobalSection
EndGlobal
